// !$*UTF8*$!
{
	archiveVersion = 1;
	classes = {
	};
	objectVersion = 46;
	objects = {

/* Begin PBXBuildFile section */
		4BE7A2CD18F0BA0D005788D5 /* Foundation.framework in Frameworks */ = {isa = PBXBuildFile; fileRef = 4BE7A2CC18F0BA0D005788D5 /* Foundation.framework */; };
		4BE7A2CF18F0BA0D005788D5 /* CoreGraphics.framework in Frameworks */ = {isa = PBXBuildFile; fileRef = 4BE7A2CE18F0BA0D005788D5 /* CoreGraphics.framework */; };
		4BE7A2D118F0BA0D005788D5 /* UIKit.framework in Frameworks */ = {isa = PBXBuildFile; fileRef = 4BE7A2D018F0BA0D005788D5 /* UIKit.framework */; };
		4BE7A2D718F0BA0D005788D5 /* InfoPlist.strings in Resources */ = {isa = PBXBuildFile; fileRef = 4BE7A2D518F0BA0D005788D5 /* InfoPlist.strings */; };
		4BE7A2D918F0BA0D005788D5 /* main.m in Sources */ = {isa = PBXBuildFile; fileRef = 4BE7A2D818F0BA0D005788D5 /* main.m */; };
		4BE7A2DD18F0BA0D005788D5 /* OWAppDelegate.m in Sources */ = {isa = PBXBuildFile; fileRef = 4BE7A2DC18F0BA0D005788D5 /* OWAppDelegate.m */; };
		4BE7A2E018F0BA0D005788D5 /* Main.storyboard in Resources */ = {isa = PBXBuildFile; fileRef = 4BE7A2DE18F0BA0D005788D5 /* Main.storyboard */; };
		4BE7A2E318F0BA0D005788D5 /* OWViewController.m in Sources */ = {isa = PBXBuildFile; fileRef = 4BE7A2E218F0BA0D005788D5 /* OWViewController.m */; };
		4BE7A2E518F0BA0D005788D5 /* Images.xcassets in Resources */ = {isa = PBXBuildFile; fileRef = 4BE7A2E418F0BA0D005788D5 /* Images.xcassets */; };
		4BE7A2EC18F0BA0D005788D5 /* XCTest.framework in Frameworks */ = {isa = PBXBuildFile; fileRef = 4BE7A2EB18F0BA0D005788D5 /* XCTest.framework */; };
		4BE7A2ED18F0BA0D005788D5 /* Foundation.framework in Frameworks */ = {isa = PBXBuildFile; fileRef = 4BE7A2CC18F0BA0D005788D5 /* Foundation.framework */; };
		4BE7A2EE18F0BA0D005788D5 /* UIKit.framework in Frameworks */ = {isa = PBXBuildFile; fileRef = 4BE7A2D018F0BA0D005788D5 /* UIKit.framework */; };
		4BE7A2F618F0BA0D005788D5 /* InfoPlist.strings in Resources */ = {isa = PBXBuildFile; fileRef = 4BE7A2F418F0BA0D005788D5 /* InfoPlist.strings */; };
		4BE7A2F818F0BA0D005788D5 /* UITableViewController_Challenge_SolutionTests.m in Sources */ = {isa = PBXBuildFile; fileRef = 4BE7A2F718F0BA0D005788D5 /* UITableViewController_Challenge_SolutionTests.m */; };
/* End PBXBuildFile section */

/* Begin PBXContainerItemProxy section */
		4BE7A2EF18F0BA0D005788D5 /* PBXContainerItemProxy */ = {
			isa = PBXContainerItemProxy;
			containerPortal = 4BE7A2C118F0BA0D005788D5 /* Project object */;
			proxyType = 1;
			remoteGlobalIDString = 4BE7A2C818F0BA0D005788D5;
			remoteInfo = "UITableViewController Challenge Solution";
		};
/* End PBXContainerItemProxy section */

/* Begin PBXFileReference section */
		4BE7A2C918F0BA0D005788D5 /* UITableViewController Challenge Solution.app */ = {isa = PBXFileReference; explicitFileType = wrapper.application; includeInIndex = 0; path = "UITableViewController Challenge Solution.app"; sourceTree = BUILT_PRODUCTS_DIR; };
		4BE7A2CC18F0BA0D005788D5 /* Foundation.framework */ = {isa = PBXFileReference; lastKnownFileType = wrapper.framework; name = Foundation.framework; path = System/Library/Frameworks/Foundation.framework; sourceTree = SDKROOT; };
		4BE7A2CE18F0BA0D005788D5 /* CoreGraphics.framework */ = {isa = PBXFileReference; lastKnownFileType = wrapper.framework; name = CoreGraphics.framework; path = System/Library/Frameworks/CoreGraphics.framework; sourceTree = SDKROOT; };
		4BE7A2D018F0BA0D005788D5 /* UIKit.framework */ = {isa = PBXFileReference; lastKnownFileType = wrapper.framework; name = UIKit.framework; path = System/Library/Frameworks/UIKit.framework; sourceTree = SDKROOT; };
		4BE7A2D418F0BA0D005788D5 /* UITableViewController Challenge Solution-Info.plist */ = {isa = PBXFileReference; lastKnownFileType = text.plist.xml; path = "UITableViewController Challenge Solution-Info.plist"; sourceTree = "<group>"; };
		4BE7A2D618F0BA0D005788D5 /* en */ = {isa = PBXFileReference; lastKnownFileType = text.plist.strings; name = en; path = en.lproj/InfoPlist.strings; sourceTree = "<group>"; };
		4BE7A2D818F0BA0D005788D5 /* main.m */ = {isa = PBXFileReference; lastKnownFileType = sourcecode.c.objc; path = main.m; sourceTree = "<group>"; };
		4BE7A2DA18F0BA0D005788D5 /* UITableViewController Challenge Solution-Prefix.pch */ = {isa = PBXFileReference; lastKnownFileType = sourcecode.c.h; path = "UITableViewController Challenge Solution-Prefix.pch"; sourceTree = "<group>"; };
		4BE7A2DB18F0BA0D005788D5 /* OWAppDelegate.h */ = {isa = PBXFileReference; lastKnownFileType = sourcecode.c.h; path = OWAppDelegate.h; sourceTree = "<group>"; };
		4BE7A2DC18F0BA0D005788D5 /* OWAppDelegate.m */ = {isa = PBXFileReference; lastKnownFileType = sourcecode.c.objc; path = OWAppDelegate.m; sourceTree = "<group>"; };
		4BE7A2DF18F0BA0D005788D5 /* Base */ = {isa = PBXFileReference; lastKnownFileType = file.storyboard; name = Base; path = Base.lproj/Main.storyboard; sourceTree = "<group>"; };
		4BE7A2E118F0BA0D005788D5 /* OWViewController.h */ = {isa = PBXFileReference; lastKnownFileType = sourcecode.c.h; path = OWViewController.h; sourceTree = "<group>"; };
		4BE7A2E218F0BA0D005788D5 /* OWViewController.m */ = {isa = PBXFileReference; lastKnownFileType = sourcecode.c.objc; path = OWViewController.m; sourceTree = "<group>"; };
		4BE7A2E418F0BA0D005788D5 /* Images.xcassets */ = {isa = PBXFileReference; lastKnownFileType = folder.assetcatalog; path = Images.xcassets; sourceTree = "<group>"; };
		4BE7A2EA18F0BA0D005788D5 /* UITableViewController Challenge SolutionTests.xctest */ = {isa = PBXFileReference; explicitFileType = wrapper.cfbundle; includeInIndex = 0; path = "UITableViewController Challenge SolutionTests.xctest"; sourceTree = BUILT_PRODUCTS_DIR; };
		4BE7A2EB18F0BA0D005788D5 /* XCTest.framework */ = {isa = PBXFileReference; lastKnownFileType = wrapper.framework; name = XCTest.framework; path = Library/Frameworks/XCTest.framework; sourceTree = DEVELOPER_DIR; };
		4BE7A2F318F0BA0D005788D5 /* UITableViewController Challenge SolutionTests-Info.plist */ = {isa = PBXFileReference; lastKnownFileType = text.plist.xml; path = "UITableViewController Challenge SolutionTests-Info.plist"; sourceTree = "<group>"; };
		4BE7A2F518F0BA0D005788D5 /* en */ = {isa = PBXFileReference; lastKnownFileType = text.plist.strings; name = en; path = en.lproj/InfoPlist.strings; sourceTree = "<group>"; };
		4BE7A2F718F0BA0D005788D5 /* UITableViewController_Challenge_SolutionTests.m */ = {isa = PBXFileReference; lastKnownFileType = sourcecode.c.objc; path = UITableViewController_Challenge_SolutionTests.m; sourceTree = "<group>"; };
/* End PBXFileReference section */

/* Begin PBXFrameworksBuildPhase section */
		4BE7A2C618F0BA0D005788D5 /* Frameworks */ = {
			isa = PBXFrameworksBuildPhase;
			buildActionMask = 2147483647;
			files = (
				4BE7A2CF18F0BA0D005788D5 /* CoreGraphics.framework in Frameworks */,
				4BE7A2D118F0BA0D005788D5 /* UIKit.framework in Frameworks */,
				4BE7A2CD18F0BA0D005788D5 /* Foundation.framework in Frameworks */,
			);
			runOnlyForDeploymentPostprocessing = 0;
		};
		4BE7A2E718F0BA0D005788D5 /* Frameworks */ = {
			isa = PBXFrameworksBuildPhase;
			buildActionMask = 2147483647;
			files = (
				4BE7A2EC18F0BA0D005788D5 /* XCTest.framework in Frameworks */,
				4BE7A2EE18F0BA0D005788D5 /* UIKit.framework in Frameworks */,
				4BE7A2ED18F0BA0D005788D5 /* Foundation.framework in Frameworks */,
			);
			runOnlyForDeploymentPostprocessing = 0;
		};
/* End PBXFrameworksBuildPhase section */

/* Begin PBXGroup section */
		4BE7A2C018F0BA0D005788D5 = {
			isa = PBXGroup;
			children = (
				4BE7A2D218F0BA0D005788D5 /* UITableViewController Challenge Solution */,
				4BE7A2F118F0BA0D005788D5 /* UITableViewController Challenge SolutionTests */,
				4BE7A2CB18F0BA0D005788D5 /* Frameworks */,
				4BE7A2CA18F0BA0D005788D5 /* Products */,
			);
			sourceTree = "<group>";
		};
		4BE7A2CA18F0BA0D005788D5 /* Products */ = {
			isa = PBXGroup;
			children = (
				4BE7A2C918F0BA0D005788D5 /* UITableViewController Challenge Solution.app */,
				4BE7A2EA18F0BA0D005788D5 /* UITableViewController Challenge SolutionTests.xctest */,
			);
			name = Products;
			sourceTree = "<group>";
		};
		4BE7A2CB18F0BA0D005788D5 /* Frameworks */ = {
			isa = PBXGroup;
			children = (
				4BE7A2CC18F0BA0D005788D5 /* Foundation.framework */,
				4BE7A2CE18F0BA0D005788D5 /* CoreGraphics.framework */,
				4BE7A2D018F0BA0D005788D5 /* UIKit.framework */,
				4BE7A2EB18F0BA0D005788D5 /* XCTest.framework */,
			);
			name = Frameworks;
			sourceTree = "<group>";
		};
		4BE7A2D218F0BA0D005788D5 /* UITableViewController Challenge Solution */ = {
			isa = PBXGroup;
			children = (
				4BE7A2DB18F0BA0D005788D5 /* OWAppDelegate.h */,
				4BE7A2DC18F0BA0D005788D5 /* OWAppDelegate.m */,
				4BE7A2DE18F0BA0D005788D5 /* Main.storyboard */,
				4BE7A2E118F0BA0D005788D5 /* OWViewController.h */,
				4BE7A2E218F0BA0D005788D5 /* OWViewController.m */,
				4BE7A2E418F0BA0D005788D5 /* Images.xcassets */,
				4BE7A2D318F0BA0D005788D5 /* Supporting Files */,
			);
			path = "UITableViewController Challenge Solution";
			sourceTree = "<group>";
		};
		4BE7A2D318F0BA0D005788D5 /* Supporting Files */ = {
			isa = PBXGroup;
			children = (
				4BE7A2D418F0BA0D005788D5 /* UITableViewController Challenge Solution-Info.plist */,
				4BE7A2D518F0BA0D005788D5 /* InfoPlist.strings */,
				4BE7A2D818F0BA0D005788D5 /* main.m */,
				4BE7A2DA18F0BA0D005788D5 /* UITableViewController Challenge Solution-Prefix.pch */,
			);
			name = "Supporting Files";
			sourceTree = "<group>";
		};
		4BE7A2F118F0BA0D005788D5 /* UITableViewController Challenge SolutionTests */ = {
			isa = PBXGroup;
			children = (
				4BE7A2F718F0BA0D005788D5 /* UITableViewController_Challenge_SolutionTests.m */,
				4BE7A2F218F0BA0D005788D5 /* Supporting Files */,
			);
			path = "UITableViewController Challenge SolutionTests";
			sourceTree = "<group>";
		};
		4BE7A2F218F0BA0D005788D5 /* Supporting Files */ = {
			isa = PBXGroup;
			children = (
				4BE7A2F318F0BA0D005788D5 /* UITableViewController Challenge SolutionTests-Info.plist */,
				4BE7A2F418F0BA0D005788D5 /* InfoPlist.strings */,
			);
			name = "Supporting Files";
			sourceTree = "<group>";
		};
/* End PBXGroup section */

/* Begin PBXNativeTarget section */
		4BE7A2C818F0BA0D005788D5 /* UITableViewController Challenge Solution */ = {
			isa = PBXNativeTarget;
			buildConfigurationList = 4BE7A2FB18F0BA0D005788D5 /* Build configuration list for PBXNativeTarget "UITableViewController Challenge Solution" */;
			buildPhases = (
				4BE7A2C518F0BA0D005788D5 /* Sources */,
				4BE7A2C618F0BA0D005788D5 /* Frameworks */,
				4BE7A2C718F0BA0D005788D5 /* Resources */,
			);
			buildRules = (
			);
			dependencies = (
			);
			name = "UITableViewController Challenge Solution";
			productName = "UITableViewController Challenge Solution";
			productReference = 4BE7A2C918F0BA0D005788D5 /* UITableViewController Challenge Solution.app */;
			productType = "com.apple.product-type.application";
		};
		4BE7A2E918F0BA0D005788D5 /* UITableViewController Challenge SolutionTests */ = {
			isa = PBXNativeTarget;
			buildConfigurationList = 4BE7A2FE18F0BA0D005788D5 /* Build configuration list for PBXNativeTarget "UITableViewController Challenge SolutionTests" */;
			buildPhases = (
				4BE7A2E618F0BA0D005788D5 /* Sources */,
				4BE7A2E718F0BA0D005788D5 /* Frameworks */,
				4BE7A2E818F0BA0D005788D5 /* Resources */,
			);
			buildRules = (
			);
			dependencies = (
				4BE7A2F018F0BA0D005788D5 /* PBXTargetDependency */,
			);
			name = "UITableViewController Challenge SolutionTests";
			productName = "UITableViewController Challenge SolutionTests";
			productReference = 4BE7A2EA18F0BA0D005788D5 /* UITableViewController Challenge SolutionTests.xctest */;
			productType = "com.apple.product-type.bundle.unit-test";
		};
/* End PBXNativeTarget section */

/* Begin PBXProject section */
		4BE7A2C118F0BA0D005788D5 /* Project object */ = {
			isa = PBXProject;
			attributes = {
				CLASSPREFIX = OW;
				LastUpgradeCheck = 0510;
				ORGANIZATIONNAME = Ottotto;
				TargetAttributes = {
					4BE7A2E918F0BA0D005788D5 = {
						TestTargetID = 4BE7A2C818F0BA0D005788D5;
					};
				};
			};
			buildConfigurationList = 4BE7A2C418F0BA0D005788D5 /* Build configuration list for PBXProject "UITableViewController Challenge Solution" */;
			compatibilityVersion = "Xcode 3.2";
			developmentRegion = English;
			hasScannedForEncodings = 0;
			knownRegions = (
				en,
				Base,
			);
			mainGroup = 4BE7A2C018F0BA0D005788D5;
			productRefGroup = 4BE7A2CA18F0BA0D005788D5 /* Products */;
			projectDirPath = "";
			projectRoot = "";
			targets = (
				4BE7A2C818F0BA0D005788D5 /* UITableViewController Challenge Solution */,
				4BE7A2E918F0BA0D005788D5 /* UITableViewController Challenge SolutionTests */,
			);
		};
/* End PBXProject section */

/* Begin PBXResourcesBuildPhase section */
		4BE7A2C718F0BA0D005788D5 /* Resources */ = {
			isa = PBXResourcesBuildPhase;
			buildActionMask = 2147483647;
			files = (
				4BE7A2E518F0BA0D005788D5 /* Images.xcassets in Resources */,
				4BE7A2D718F0BA0D005788D5 /* InfoPlist.strings in Resources */,
				4BE7A2E018F0BA0D005788D5 /* Main.storyboard in Resources */,
			);
			runOnlyForDeploymentPostprocessing = 0;
		};
		4BE7A2E818F0BA0D005788D5 /* Resources */ = {
			isa = PBXResourcesBuildPhase;
			buildActionMask = 2147483647;
			files = (
				4BE7A2F618F0BA0D005788D5 /* InfoPlist.strings in Resources */,
			);
			runOnlyForDeploymentPostprocessing = 0;
		};
/* End PBXResourcesBuildPhase section */

/* Begin PBXSourcesBuildPhase section */
		4BE7A2C518F0BA0D005788D5 /* Sources */ = {
			isa = PBXSourcesBuildPhase;
			buildActionMask = 2147483647;
			files = (
				4BE7A2DD18F0BA0D005788D5 /* OWAppDelegate.m in Sources */,
				4BE7A2E318F0BA0D005788D5 /* OWViewController.m in Sources */,
				4BE7A2D918F0BA0D005788D5 /* main.m in Sources */,
			);
			runOnlyForDeploymentPostprocessing = 0;
		};
		4BE7A2E618F0BA0D005788D5 /* Sources */ = {
			isa = PBXSourcesBuildPhase;
			buildActionMask = 2147483647;
			files = (
				4BE7A2F818F0BA0D005788D5 /* UITableViewController_Challenge_SolutionTests.m in Sources */,
			);
			runOnlyForDeploymentPostprocessing = 0;
		};
/* End PBXSourcesBuildPhase section */

/* Begin PBXTargetDependency section */
		4BE7A2F018F0BA0D005788D5 /* PBXTargetDependency */ = {
			isa = PBXTargetDependency;
			target = 4BE7A2C818F0BA0D005788D5 /* UITableViewController Challenge Solution */;
			targetProxy = 4BE7A2EF18F0BA0D005788D5 /* PBXContainerItemProxy */;
		};
/* End PBXTargetDependency section */

/* Begin PBXVariantGroup section */
		4BE7A2D518F0BA0D005788D5 /* InfoPlist.strings */ = {
			isa = PBXVariantGroup;
			children = (
				4BE7A2D618F0BA0D005788D5 /* en */,
			);
			name = InfoPlist.strings;
			sourceTree = "<group>";
		};
		4BE7A2DE18F0BA0D005788D5 /* Main.storyboard */ = {
			isa = PBXVariantGroup;
			children = (
				4BE7A2DF18F0BA0D005788D5 /* Base */,
			);
			name = Main.storyboard;
			sourceTree = "<group>";
		};
		4BE7A2F418F0BA0D005788D5 /* InfoPlist.strings */ = {
			isa = PBXVariantGroup;
			children = (
				4BE7A2F518F0BA0D005788D5 /* en */,
			);
			name = InfoPlist.strings;
			sourceTree = "<group>";
		};
/* End PBXVariantGroup section */

/* Begin XCBuildConfiguration section */
		4BE7A2F918F0BA0D005788D5 /* Debug */ = {
			isa = XCBuildConfiguration;
			buildSettings = {
				ALWAYS_SEARCH_USER_PATHS = NO;
				CLANG_CXX_LANGUAGE_STANDARD = "gnu++0x";
				CLANG_CXX_LIBRARY = "libc++";
				CLANG_ENABLE_MODULES = YES;
				CLANG_ENABLE_OBJC_ARC = YES;
				CLANG_WARN_BOOL_CONVERSION = YES;
				CLANG_WARN_CONSTANT_CONVERSION = YES;
				CLANG_WARN_DIRECT_OBJC_ISA_USAGE = YES_ERROR;
				CLANG_WARN_EMPTY_BODY = YES;
				CLANG_WARN_ENUM_CONVERSION = YES;
				CLANG_WARN_INT_CONVERSION = YES;
				CLANG_WARN_OBJC_ROOT_CLASS = YES_ERROR;
				CLANG_WARN__DUPLICATE_METHOD_MATCH = YES;
				"CODE_SIGN_IDENTITY[sdk=iphoneos*]" = "iPhone Developer";
				COPY_PHASE_STRIP = NO;
				GCC_C_LANGUAGE_STANDARD = gnu99;
				GCC_DYNAMIC_NO_PIC = NO;
				GCC_OPTIMIZATION_LEVEL = 0;
				GCC_PREPROCESSOR_DEFINITIONS = (
					"DEBUG=1",
					"$(inherited)",
				);
				GCC_SYMBOLS_PRIVATE_EXTERN = NO;
				GCC_WARN_64_TO_32_BIT_CONVERSION = YES;
				GCC_WARN_ABOUT_RETURN_TYPE = YES_ERROR;
				GCC_WARN_UNDECLARED_SELECTOR = YES;
				GCC_WARN_UNINITIALIZED_AUTOS = YES_AGGRESSIVE;
				GCC_WARN_UNUSED_FUNCTION = YES;
				GCC_WARN_UNUSED_VARIABLE = YES;
				IPHONEOS_DEPLOYMENT_TARGET = 7.1;
				ONLY_ACTIVE_ARCH = YES;
				SDKROOT = iphoneos;
			};
			name = Debug;
		};
		4BE7A2FA18F0BA0D005788D5 /* Release */ = {
			isa = XCBuildConfiguration;
			buildSettings = {
				ALWAYS_SEARCH_USER_PATHS = NO;
				CLANG_CXX_LANGUAGE_STANDARD = "gnu++0x";
				CLANG_CXX_LIBRARY = "libc++";
				CLANG_ENABLE_MODULES = YES;
				CLANG_ENABLE_OBJC_ARC = YES;
				CLANG_WARN_BOOL_CONVERSION = YES;
				CLANG_WARN_CONSTANT_CONVERSION = YES;
				CLANG_WARN_DIRECT_OBJC_ISA_USAGE = YES_ERROR;
				CLANG_WARN_EMPTY_BODY = YES;
				CLANG_WARN_ENUM_CONVERSION = YES;
				CLANG_WARN_INT_CONVERSION = YES;
				CLANG_WARN_OBJC_ROOT_CLASS = YES_ERROR;
				CLANG_WARN__DUPLICATE_METHOD_MATCH = YES;
				"CODE_SIGN_IDENTITY[sdk=iphoneos*]" = "iPhone Developer";
				COPY_PHASE_STRIP = YES;
				ENABLE_NS_ASSERTIONS = NO;
				GCC_C_LANGUAGE_STANDARD = gnu99;
				GCC_WARN_64_TO_32_BIT_CONVERSION = YES;
				GCC_WARN_ABOUT_RETURN_TYPE = YES_ERROR;
				GCC_WARN_UNDECLARED_SELECTOR = YES;
				GCC_WARN_UNINITIALIZED_AUTOS = YES_AGGRESSIVE;
				GCC_WARN_UNUSED_FUNCTION = YES;
				GCC_WARN_UNUSED_VARIABLE = YES;
				IPHONEOS_DEPLOYMENT_TARGET = 7.1;
				SDKROOT = iphoneos;
				VALIDATE_PRODUCT = YES;
			};
			name = Release;
		};
		4BE7A2FC18F0BA0D005788D5 /* Debug */ = {
			isa = XCBuildConfiguration;
			buildSettings = {
				ASSETCATALOG_COMPILER_APPICON_NAME = AppIcon;
				ASSETCATALOG_COMPILER_LAUNCHIMAGE_NAME = LaunchImage;
				GCC_PRECOMPILE_PREFIX_HEADER = YES;
				GCC_PREFIX_HEADER = "UITableViewController Challenge Solution/UITableViewController Challenge Solution-Prefix.pch";
				INFOPLIST_FILE = "UITableViewController Challenge Solution/UITableViewController Challenge Solution-Info.plist";
				PRODUCT_NAME = "$(TARGET_NAME)";
				WRAPPER_EXTENSION = app;
			};
			name = Debug;
		};
		4BE7A2FD18F0BA0D005788D5 /* Release */ = {
			isa = XCBuildConfiguration;
			buildSettings = {
				ASSETCATALOG_COMPILER_APPICON_NAME = AppIcon;
				ASSETCATALOG_COMPILER_LAUNCHIMAGE_NAME = LaunchImage;
				GCC_PRECOMPILE_PREFIX_HEADER = YES;
				GCC_PREFIX_HEADER = "UITableViewController Challenge Solution/UITableViewController Challenge Solution-Prefix.pch";
				INFOPLIST_FILE = "UITableViewController Challenge Solution/UITableViewController Challenge Solution-Info.plist";
				PRODUCT_NAME = "$(TARGET_NAME)";
				WRAPPER_EXTENSION = app;
			};
			name = Release;
		};
		4BE7A2FF18F0BA0D005788D5 /* Debug */ = {
			isa = XCBuildConfiguration;
			buildSettings = {
				BUNDLE_LOADER = "$(BUILT_PRODUCTS_DIR)/UITableViewController Challenge Solution.app/UITableViewController Challenge Solution";
				FRAMEWORK_SEARCH_PATHS = (
					"$(SDKROOT)/Developer/Library/Frameworks",
					"$(inherited)",
					"$(DEVELOPER_FRAMEWORKS_DIR)",
				);
				GCC_PRECOMPILE_PREFIX_HEADER = YES;
				GCC_PREFIX_HEADER = "UITableViewController Challenge Solution/UITableViewController Challenge Solution-Prefix.pch";
				GCC_PREPROCESSOR_DEFINITIONS = (
					"DEBUG=1",
					"$(inherited)",
				);
				INFOPLIST_FILE = "UITableViewController Challenge SolutionTests/UITableViewController Challenge SolutionTests-Info.plist";
				PRODUCT_NAME = "$(TARGET_NAME)";
				TEST_HOST = "$(BUNDLE_LOADER)";
				WRAPPER_EXTENSION = xctest;
			};
			name = Debug;
		};
		4BE7A30018F0BA0D005788D5 /* Release */ = {
			isa = XCBuildConfiguration;
			buildSettings = {
				BUNDLE_LOADER = "$(BUILT_PRODUCTS_DIR)/UITableViewController Challenge Solution.app/UITableViewController Challenge Solution";
				FRAMEWORK_SEARCH_PATHS = (
					"$(SDKROOT)/Developer/Library/Frameworks",
					"$(inherited)",
					"$(DEVELOPER_FRAMEWORKS_DIR)",
				);
				GCC_PRECOMPILE_PREFIX_HEADER = YES;
				GCC_PREFIX_HEADER = "UITableViewController Challenge Solution/UITableViewController Challenge Solution-Prefix.pch";
				INFOPLIST_FILE = "UITableViewController Challenge SolutionTests/UITableViewController Challenge SolutionTests-Info.plist";
				PRODUCT_NAME = "$(TARGET_NAME)";
				TEST_HOST = "$(BUNDLE_LOADER)";
				WRAPPER_EXTENSION = xctest;
			};
			name = Release;
		};
/* End XCBuildConfiguration section */

/* Begin XCConfigurationList section */
		4BE7A2C418F0BA0D005788D5 /* Build configuration list for PBXProject "UITableViewController Challenge Solution" */ = {
			isa = XCConfigurationList;
			buildConfigurations = (
				4BE7A2F918F0BA0D005788D5 /* Debug */,
				4BE7A2FA18F0BA0D005788D5 /* Release */,
			);
			defaultConfigurationIsVisible = 0;
			defaultConfigurationName = Release;
		};
		4BE7A2FB18F0BA0D005788D5 /* Build configuration list for PBXNativeTarget "UITableViewController Challenge Solution" */ = {
			isa = XCConfigurationList;
			buildConfigurations = (
				4BE7A2FC18F0BA0D005788D5 /* Debug */,
				4BE7A2FD18F0BA0D005788D5 /* Release */,
			);
			defaultConfigurationIsVisible = 0;
		};
		4BE7A2FE18F0BA0D005788D5 /* Build configuration list for PBXNativeTarget "UITableViewController Challenge SolutionTests" */ = {
			isa = XCConfigurationList;
			buildConfigurations = (
				4BE7A2FF18F0BA0D005788D5 /* Debug */,
				4BE7A30018F0BA0D005788D5 /* Release */,
			);
			defaultConfigurationIsVisible = 0;
		};
/* End XCConfigurationList section */
	};
	rootObject = 4BE7A2C118F0BA0D005788D5 /* Project object */;
}
